
Microsoft Visual Studio Solution File, Format Version 12.00
# Visual Studio Version 17
VisualStudioVersion = 17.4.33205.214
MinimumVisualStudioVersion = 10.0.40219.1
Project("{FAE04EC0-301F-11D3-BF4B-00C04F79EFBC}") = "RTFirstPlugin", "RTFirstPlugin\RTFirstPlugin.csproj", "{00395052-8EDC-4CB8-8824-F11A1665E858}"
EndProject
Global
	GlobalSection(SolutionConfigurationPlatforms) = preSolution
		Debug|Any CPU = Debug|Any CPU
		Release|Any CPU = Release|Any CPU
	EndGlobalSection
	GlobalSection(ProjectConfigurationPlatforms) = postSolution
		{00395052-8EDC-4CB8-8824-F11A1665E858}.Debug|Any CPU.ActiveCfg = Debug|Any CPU
		{00395052-8EDC-4CB8-8824-F11A1665E858}.Debug|Any CPU.Build.0 = Debug|Any CPU
		{00395052-8EDC-4CB8-8824-F11A1665E858}.Release|Any CPU.ActiveCfg = Release|Any CPU
		{00395052-8EDC-4CB8-8824-F11A1665E858}.Release|Any CPU.Build.0 = Release|Any CPU
	EndGlobalSection
	GlobalSection(SolutionProperties) = preSolution
		HideSolutionNode = FALSE
	EndGlobalSection
	GlobalSection(ExtensibilityGlobals) = postSolution
		SolutionGuid = {6945F955-543F-4377-A3AE-3BF6C3C77C49}
	EndGlobalSection
EndGlobal
